Microsoft Visual Studio Solution File, Format Version 12.00
# Visual Studio Version 17
VisualStudioVersion = 17.0.31903.59
MinimumVisualStudioVersion = 10.0.40219.1
Project("{9A19103F-16F7-4668-BE54-9A1E7A4F7556}") = "MikuMikuLoader.Server", "MikuMikuLoader.Server\MikuMikuLoader.Server.csproj", "{CECD7597-D411-4401-9152-988DA7BA8C34}"
EndProject
Project("{9A19103F-16F7-4668-BE54-9A1E7A4F7556}") = "MikuMikuLoader.App", "MikuMikuLoader.App\MikuMikuLoader.App.csproj", "{4719A409-75B1-40BC-A293-7E2169602E47}"
EndProject
Global
	GlobalSection(SolutionConfigurationPlatforms) = preSolution
		Debug|Any CPU = Debug|Any CPU
		Release|Any CPU = Release|Any CPU
	EndGlobalSection
	GlobalSection(ProjectConfigurationPlatforms) = postSolution
		{CECD7597-D411-4401-9152-988DA7BA8C34}.Debug|Any CPU.ActiveCfg = Debug|Any CPU
		{CECD7597-D411-4401-9152-988DA7BA8C34}.Debug|Any CPU.Build.0 = Debug|Any CPU
		{CECD7597-D411-4401-9152-988DA7BA8C34}.Release|Any CPU.ActiveCfg = Release|Any CPU
		{CECD7597-D411-4401-9152-988DA7BA8C34}.Release|Any CPU.Build.0 = Release|Any CPU
		{4719A409-75B1-40BC-A293-7E2169602E47}.Debug|Any CPU.ActiveCfg = Debug|Any CPU
		{4719A409-75B1-40BC-A293-7E2169602E47}.Debug|Any CPU.Build.0 = Debug|Any CPU
		{4719A409-75B1-40BC-A293-7E2169602E47}.Release|Any CPU.ActiveCfg = Release|Any CPU
		{4719A409-75B1-40BC-A293-7E2169602E47}.Release|Any CPU.Build.0 = Release|Any CPU
	EndGlobalSection
EndGlobal
